{
  "name": "@mpfe/cskit",
  "version": "0.0.9-alpha.0",
  "lockfileVersion": 1,
  "requires": true,
  "dependencies": {
    "@babel/runtime": {
      "version": "7.5.5",
      "resolved": "https://registry.npm.taobao.org/@babel/runtime/download/@babel/runtime-7.5.5.tgz",
      "integrity": "sha1-dPulbTXvvspEQJHHhQzNSU/S8TI=",
      "requires": {
        "regenerator-runtime": "^0.13.2"
      }
    },
    "@redux-saga/core": {
      "version": "1.0.3",
      "resolved": "https://registry.npm.taobao.org/@redux-saga/core/download/@redux-saga/core-1.0.3.tgz",
      "integrity": "sha1-wp7Hrj19/Ly43JMXfys+3HmMXYU=",
      "requires": {
        "@babel/runtime": "^7.0.0",
        "@redux-saga/deferred": "^1.0.1",
        "@redux-saga/delay-p": "^1.0.1",
        "@redux-saga/is": "^1.0.2",
        "@redux-saga/symbols": "^1.0.1",
        "@redux-saga/types": "^1.0.2",
        "redux": ">=0.10 <5",
        "typescript-tuple": "^2.1.0"
      }
    },
    "@redux-saga/deferred": {
      "version": "1.0.1",
      "resolved": "https://registry.npm.taobao.org/@redux-saga/deferred/download/@redux-saga/deferred-1.0.1.tgz",
      "integrity": "sha1-yJVEXkhr3tkKzwuHO06Xj7/kWMI="
    },
    "@redux-saga/delay-p": {
      "version": "1.0.1",
      "resolved": "https://registry.npm.taobao.org/@redux-saga/delay-p/download/@redux-saga/delay-p-1.0.1.tgz",
      "integrity": "sha1-1p/GEDx1Ca6A+qFE6he7xp5R4Ck=",
      "requires": {
        "@redux-saga/symbols": "^1.0.1"
      }
    },
    "@redux-saga/is": {
      "version": "1.0.2",
      "resolved": "https://registry.npm.taobao.org/@redux-saga/is/download/@redux-saga/is-1.0.2.tgz",
      "integrity": "sha1-f0vgFMlwYYmNfvsR1sneMelD7Tg=",
      "requires": {
        "@redux-saga/symbols": "^1.0.1",
        "@redux-saga/types": "^1.0.2"
      }
    },
    "@redux-saga/symbols": {
      "version": "1.0.1",
      "resolved": "https://registry.npm.taobao.org/@redux-saga/symbols/download/@redux-saga/symbols-1.0.1.tgz",
      "integrity": "sha1-RlEq4SdfiN8GHEIWjQ9gDdsXDB4="
    },
    "@redux-saga/types": {
      "version": "1.0.2",
      "resolved": "https://registry.npm.taobao.org/@redux-saga/types/download/@redux-saga/types-1.0.2.tgz",
      "integrity": "sha1-HZTwKACwlHU/knHCBqJsKgbKFO4="
    },
    "@types/hoist-non-react-statics": {
      "version": "3.3.1",
      "resolved": "https://registry.npm.taobao.org/@types/hoist-non-react-statics/download/@types/hoist-non-react-statics-3.3.1.tgz",
      "integrity": "sha1-ESSq/lEYy1kZd66xzqrtEHDrA58=",
      "dev": true,
      "requires": {
        "@types/react": "*",
        "hoist-non-react-statics": "^3.3.0"
      }
    },
    "@types/node": {
      "version": "12.6.8",
      "resolved": "https://registry.npm.taobao.org/@types/node/download/@types/node-12.6.8.tgz",
      "integrity": "sha1-5Gm0v50cmDKu5JB7qKBRSUNXwSw=",
      "dev": true
    },
    "@types/prop-types": {
      "version": "15.7.1",
      "resolved": "https://registry.npm.taobao.org/@types/prop-types/download/@types/prop-types-15.7.1.tgz",
      "integrity": "sha1-8aEee6uww8rWgQC+OB0eBkxo8fY=",
      "dev": true
    },
    "@types/react": {
      "version": "16.8.23",
      "resolved": "https://registry.npm.taobao.org/@types/react/download/@types/react-16.8.23.tgz",
      "integrity": "sha1-7Gvjzu1jU6IJSBabbLTJe2W5etI=",
      "dev": true,
      "requires": {
        "@types/prop-types": "*",
        "csstype": "^2.2.0"
      }
    },
    "@types/react-redux": {
      "version": "7.1.1",
      "resolved": "https://registry.npm.taobao.org/@types/react-redux/download/@types/react-redux-7.1.1.tgz?cache=0&other_urls=https%3A%2F%2Fregistry.npm.taobao.org%2F%40types%2Freact-redux%2Fdownload%2F%40types%2Freact-redux-7.1.1.tgz",
      "integrity": "sha1-6wHonPccrXffn0QrgZ1dtpK5l8s=",
      "dev": true,
      "requires": {
        "@types/hoist-non-react-statics": "^3.3.0",
        "@types/react": "*",
        "hoist-non-react-statics": "^3.3.0",
        "redux": "^4.0.0"
      }
    },
    "@types/redux": {
      "version": "3.6.0",
      "resolved": "https://registry.npm.taobao.org/@types/redux/download/@types/redux-3.6.0.tgz",
      "integrity": "sha1-8evh5UEVGAcuT9/KXHbhbnTBOZo=",
      "dev": true,
      "requires": {
        "redux": "*"
      }
    },
    "@types/warning": {
      "version": "3.0.0",
      "resolved": "https://registry.npm.taobao.org/@types/warning/download/@types/warning-3.0.0.tgz",
      "integrity": "sha1-DSUBJorY+ZYrdA04fEZU9fjiPlI="
    },
    "balanced-match": {
      "version": "1.0.0",
      "resolved": "https://registry.npm.taobao.org/balanced-match/download/balanced-match-1.0.0.tgz",
      "integrity": "sha1-ibTRmasr7kneFk6gK4nORi1xt2c=",
      "dev": true
    },
    "brace-expansion": {
      "version": "1.1.11",
      "resolved": "https://registry.npm.taobao.org/brace-expansion/download/brace-expansion-1.1.11.tgz",
      "integrity": "sha1-PH/L9SnYcibz0vUrlm/1Jx60Qd0=",
      "dev": true,
      "requires": {
        "balanced-match": "^1.0.0",
        "concat-map": "0.0.1"
      }
    },
    "concat-map": {
      "version": "0.0.1",
      "resolved": "https://registry.npm.taobao.org/concat-map/download/concat-map-0.0.1.tgz",
      "integrity": "sha1-2Klr13/Wjfd5OnMDajug1UBdR3s=",
      "dev": true
    },
    "csstype": {
      "version": "2.6.6",
      "resolved": "https://registry.npm.taobao.org/csstype/download/csstype-2.6.6.tgz",
      "integrity": "sha1-w0+CJqlLuxDDLMDXFK/flCKR/EE=",
      "dev": true
    },
    "fs.realpath": {
      "version": "1.0.0",
      "resolved": "https://registry.npm.taobao.org/fs.realpath/download/fs.realpath-1.0.0.tgz",
      "integrity": "sha1-FQStJSMVjKpA20onh8sBQRmU6k8=",
      "dev": true
    },
    "glob": {
      "version": "7.1.4",
      "resolved": "https://registry.npm.taobao.org/glob/download/glob-7.1.4.tgz",
      "integrity": "sha1-qmCKL2xXetNX4a5aXCbZqNGWklU=",
      "dev": true,
      "requires": {
        "fs.realpath": "^1.0.0",
        "inflight": "^1.0.4",
        "inherits": "2",
        "minimatch": "^3.0.4",
        "once": "^1.3.0",
        "path-is-absolute": "^1.0.0"
      }
    },
    "hoist-non-react-statics": {
      "version": "3.3.0",
      "resolved": "https://registry.npm.taobao.org/hoist-non-react-statics/download/hoist-non-react-statics-3.3.0.tgz",
      "integrity": "sha1-sJF48BIhhPuVrPUl2q7LTY9FlYs=",
      "requires": {
        "react-is": "^16.7.0"
      }
    },
    "inflight": {
      "version": "1.0.6",
      "resolved": "https://registry.npm.taobao.org/inflight/download/inflight-1.0.6.tgz",
      "integrity": "sha1-Sb1jMdfQLQwJvJEKEHW6gWW1bfk=",
      "dev": true,
      "requires": {
        "once": "^1.3.0",
        "wrappy": "1"
      }
    },
    "inherits": {
      "version": "2.0.4",
      "resolved": "https://registry.npm.taobao.org/inherits/download/inherits-2.0.4.tgz",
      "integrity": "sha1-D6LGT5MpF8NDOg3tVTY6rjdBa3w=",
      "dev": true
    },
    "invariant": {
      "version": "2.2.4",
      "resolved": "https://registry.npm.taobao.org/invariant/download/invariant-2.2.4.tgz?cache=0&other_urls=https%3A%2F%2Fregistry.npm.taobao.org%2Finvariant%2Fdownload%2Finvariant-2.2.4.tgz",
      "integrity": "sha1-YQ88ksk1nOHbYW5TgAjSP/NRWOY=",
      "requires": {
        "loose-envify": "^1.0.0"
      }
    },
    "js-tokens": {
      "version": "4.0.0",
      "resolved": "https://registry.npm.taobao.org/js-tokens/download/js-tokens-4.0.0.tgz",
      "integrity": "sha1-GSA/tZmR35jjoocFDUZHzerzJJk="
    },
    "loose-envify": {
      "version": "1.4.0",
      "resolved": "https://registry.npm.taobao.org/loose-envify/download/loose-envify-1.4.0.tgz",
      "integrity": "sha1-ce5R+nvkyuwaY4OffmgtgTLTDK8=",
      "requires": {
        "js-tokens": "^3.0.0 || ^4.0.0"
      }
    },
    "minimatch": {
      "version": "3.0.4",
      "resolved": "https://registry.npm.taobao.org/minimatch/download/minimatch-3.0.4.tgz",
      "integrity": "sha1-UWbihkV/AzBgZL5Ul+jbsMPTIIM=",
      "dev": true,
      "requires": {
        "brace-expansion": "^1.1.7"
      }
    },
    "object-assign": {
      "version": "4.1.1",
      "resolved": "https://registry.npm.taobao.org/object-assign/download/object-assign-4.1.1.tgz?cache=0&other_urls=https%3A%2F%2Fregistry.npm.taobao.org%2Fobject-assign%2Fdownload%2Fobject-assign-4.1.1.tgz",
      "integrity": "sha1-IQmtx5ZYh8/AXLvUQsrIv7s2CGM="
    },
    "once": {
      "version": "1.4.0",
      "resolved": "https://registry.npm.taobao.org/once/download/once-1.4.0.tgz",
      "integrity": "sha1-WDsap3WWHUsROsF9nFC6753Xa9E=",
      "dev": true,
      "requires": {
        "wrappy": "1"
      }
    },
    "path-is-absolute": {
      "version": "1.0.1",
      "resolved": "https://registry.npm.taobao.org/path-is-absolute/download/path-is-absolute-1.0.1.tgz",
      "integrity": "sha1-F0uSaHNVNP+8es5r9TpanhtcX18=",
      "dev": true
    },
    "prop-types": {
      "version": "15.7.2",
      "resolved": "https://registry.npm.taobao.org/prop-types/download/prop-types-15.7.2.tgz",
      "integrity": "sha1-UsQedbjIfnK52TYOAga5ncv/psU=",
      "requires": {
        "loose-envify": "^1.4.0",
        "object-assign": "^4.1.1",
        "react-is": "^16.8.1"
      }
    },
    "react": {
      "version": "16.8.6",
      "resolved": "https://registry.npm.taobao.org/react/download/react-16.8.6.tgz?cache=0&other_urls=https%3A%2F%2Fregistry.npm.taobao.org%2Freact%2Fdownload%2Freact-16.8.6.tgz",
      "integrity": "sha1-rWw6lhT9Ok6e9REX9U2IjaAfK74=",
      "requires": {
        "loose-envify": "^1.1.0",
        "object-assign": "^4.1.1",
        "prop-types": "^15.6.2",
        "scheduler": "^0.13.6"
      }
    },
    "react-is": {
      "version": "16.8.6",
      "resolved": "https://registry.npm.taobao.org/react-is/download/react-is-16.8.6.tgz",
      "integrity": "sha1-W7weLSkUHJ+9/tRWND/ivEMKahY="
    },
    "react-redux": {
      "version": "7.1.0",
      "resolved": "https://registry.npm.taobao.org/react-redux/download/react-redux-7.1.0.tgz",
      "integrity": "sha1-cq989JCnSs3FFuqcHdgOJa+eoLI=",
      "requires": {
        "@babel/runtime": "^7.4.5",
        "hoist-non-react-statics": "^3.3.0",
        "invariant": "^2.2.4",
        "loose-envify": "^1.4.0",
        "prop-types": "^15.7.2",
        "react-is": "^16.8.6"
      }
    },
    "redux": {
      "version": "4.0.4",
      "resolved": "https://registry.npm.taobao.org/redux/download/redux-4.0.4.tgz",
      "integrity": "sha1-TuGusWS2PWobzFeuSqC25vp6N5Y=",
      "requires": {
        "loose-envify": "^1.4.0",
        "symbol-observable": "^1.2.0"
      }
    },
    "redux-saga": {
      "version": "1.0.5",
      "resolved": "https://registry.npm.taobao.org/redux-saga/download/redux-saga-1.0.5.tgz",
      "integrity": "sha1-AzFyYbxfp+4uy3ePTkhI9XNVe7s=",
      "requires": {
        "@redux-saga/core": "^1.0.3"
      }
    },
    "regenerator-runtime": {
      "version": "0.13.3",
      "resolved": "https://registry.npm.taobao.org/regenerator-runtime/download/regenerator-runtime-0.13.3.tgz",
      "integrity": "sha1-fPanfY9cb2Drc8X8GVWyzrAea/U="
    },
    "rimraf": {
      "version": "2.6.3",
      "resolved": "https://registry.npm.taobao.org/rimraf/download/rimraf-2.6.3.tgz",
      "integrity": "sha1-stEE/g2Psnz54KHNqCYt04M8bKs=",
      "dev": true,
      "requires": {
        "glob": "^7.1.3"
      }
    },
    "scheduler": {
      "version": "0.13.6",
      "resolved": "https://registry.npm.taobao.org/scheduler/download/scheduler-0.13.6.tgz?cache=0&other_urls=https%3A%2F%2Fregistry.npm.taobao.org%2Fscheduler%2Fdownload%2Fscheduler-0.13.6.tgz",
      "integrity": "sha1-RmpOwzJGezGpG5v3TlNHBy5M2Ik=",
      "requires": {
        "loose-envify": "^1.1.0",
        "object-assign": "^4.1.1"
      }
    },
    "symbol-observable": {
      "version": "1.2.0",
      "resolved": "https://registry.npm.taobao.org/symbol-observable/download/symbol-observable-1.2.0.tgz",
      "integrity": "sha1-wiaIrtTqs83C3+rLtWFmBWCgCAQ="
    },
    "typescript": {
      "version": "3.5.3",
      "resolved": "https://registry.npm.taobao.org/typescript/download/typescript-3.5.3.tgz",
      "integrity": "sha1-yDD2V/k/HqhGgZ6SkJL1/lmD6Xc=",
      "dev": true
    },
    "typescript-compare": {
      "version": "0.0.2",
      "resolved": "https://registry.npm.taobao.org/typescript-compare/download/typescript-compare-0.0.2.tgz",
      "integrity": "sha1-fuQKQApAbC6gp+VR79MwkCHV9CU=",
      "requires": {
        "typescript-logic": "^0.0.0"
      }
    },
    "typescript-logic": {
      "version": "0.0.0",
      "resolved": "https://registry.npm.taobao.org/typescript-logic/download/typescript-logic-0.0.0.tgz",
      "integrity": "sha1-ZuvYKiVI8rREpDZnvsEgtJaJAZY="
    },
    "typescript-tuple": {
      "version": "2.2.1",
      "resolved": "https://registry.npm.taobao.org/typescript-tuple/download/typescript-tuple-2.2.1.tgz",
      "integrity": "sha1-fZgT+0s1X2msVQMuA2Pouw8E2tI=",
      "requires": {
        "typescript-compare": "^0.0.2"
      }
    },
    "warning": {
      "version": "4.0.3",
      "resolved": "https://registry.npm.taobao.org/warning/download/warning-4.0.3.tgz",
      "integrity": "sha1-Fungd+uKhtavfWSqHgX9hbRnjKM=",
      "requires": {
        "loose-envify": "^1.0.0"
      }
    },
    "wrappy": {
      "version": "1.0.2",
      "resolved": "https://registry.npm.taobao.org/wrappy/download/wrappy-1.0.2.tgz",
      "integrity": "sha1-tSQ9jz7BqjXxNkYFvA0QNuMKtp8=",
      "dev": true
    }
  }
}
